{
  "name": "into-to-node",
  "version": "1.0.0",
  "lockfileVersion": 1,
  "requires": true,
  "dependencies": {
    "superheroes": {
      "version": "3.0.0",
      "resolved": "https://registry.npmjs.org/superheroes/-/superheroes-3.0.0.tgz",
      "integrity": "sha512-XXXzeKHMnf0rmZItYkGU803JlqYpoxvxzKFoe6k8C4bolcKfLZH716Rm4DyNJhxPTurbzDEB/QC7TXGsoei+ew==",
      "requires": {
        "unique-random-array": "^2.0.0"
      }
    },
    "supervillains": {
      "version": "3.0.0",
      "resolved": "https://registry.npmjs.org/supervillains/-/supervillains-3.0.0.tgz",
      "integrity": "sha512-L3vram05h2SLW8eeHff0JmXA+P0kYI/Be9t5JXLFmV7vJ3tnBC1es5Sg0ym70CgeolowMObR5Jl+xpEv5bSvZg==",
      "requires": {
        "unique-random-array": "^2.0.0"
      }
    },
    "unique-random": {
      "version": "2.1.0",
      "resolved": "https://registry.npmjs.org/unique-random/-/unique-random-2.1.0.tgz",
      "integrity": "sha512-iQ1ZgWac3b8YxGThecQFRQiqgk6xFERRwHZIWeVVsqlbmgCRl0PY13R4mUkodNgctmg5b5odG1nyW/IbOxQTqg=="
    },
    "unique-random-array": {
      "version": "2.0.0",
      "resolved": "https://registry.npmjs.org/unique-random-array/-/unique-random-array-2.0.0.tgz",
      "integrity": "sha512-xR87O95fZ7hljw84J8r1YDXrvffPLWN513BNOP4Bv0KcgG5dyEUrHwsvP7mVAOKg4Y80uqRbpUk0GKr8il70qg==",
      "requires": {
        "unique-random": "^2.1.0"
      }
    }
  }
}
